
Microsoft Visual Studio Solution File, Format Version 12.00
# Visual Studio Version 17
VisualStudioVersion = 17.0.32014.148
MinimumVisualStudioVersion = 10.0.40219.1
Project("{2150E333-8FDC-42A3-9474-1A3956D46DE8}") = "src", "src", "{BC322B6A-ADC3-4050-8800-EBCEF0FD779F}"
EndProject
Project("{2150E333-8FDC-42A3-9474-1A3956D46DE8}") = "tests", "tests", "{01A1DD6F-2073-4833-B996-77C56ACCFB66}"
EndProject
Project("{9A19103F-16F7-4668-BE54-9A1E7A4F7556}") = "SpotCli.Cli", "src\SpotCli.Cli\SpotCli.Cli.csproj", "{3EAF6BCC-DF92-4850-BFFD-434D2DA01885}"
EndProject
Project("{2150E333-8FDC-42A3-9474-1A3956D46DE8}") = "samples", "samples", "{E244A5C4-7770-4EEC-9214-20C98C0C207A}"
EndProject
Project("{9A19103F-16F7-4668-BE54-9A1E7A4F7556}") = "SpotCli.Application", "src\SpotCli.Application\SpotCli.Application.csproj", "{478250E5-C1FA-4546-B00B-57CD077A7CC8}"
EndProject
Project("{9A19103F-16F7-4668-BE54-9A1E7A4F7556}") = "SpotCli.Application.UnitTests", "tests\SpotCli.Application.UnitTests\SpotCli.Application.UnitTests.csproj", "{B1942D80-E1CB-4E21-94F6-E3E48F3FE5B2}"
EndProject
Project("{9A19103F-16F7-4668-BE54-9A1E7A4F7556}") = "SpotCli.Cli.UnitTests", "tests\SpotCli.Cli.UnitTests\SpotCli.Cli.UnitTests.csproj", "{87570122-297B-49B4-AEF2-34D8CF1934F2}"
EndProject
Project("{9A19103F-16F7-4668-BE54-9A1E7A4F7556}") = "DecoratedRequestsInMediatrPostprocessing", "samples\DecoratedRequestsInMediatrPostprocessing\DecoratedRequestsInMediatrPostprocessing.csproj", "{A4BBF300-F6B5-47C9-A605-48550F2ECC1E}"
EndProject
Project("{9A19103F-16F7-4668-BE54-9A1E7A4F7556}") = "SpotCli.Core", "src\SpotCli.Core\SpotCli.Core.csproj", "{FA6FE7DF-EF59-416A-800B-A0A10D025CFE}"
EndProject
Project("{9A19103F-16F7-4668-BE54-9A1E7A4F7556}") = "SpotCli.WebApi.Lambda.Tests", "tests\SpotCli.WebApi.Lambda.Tests\SpotCli.WebApi.Lambda.Tests.csproj", "{D2682EA7-7A8B-47FF-9D33-078C04501C3C}"
EndProject
Project("{9A19103F-16F7-4668-BE54-9A1E7A4F7556}") = "SpotCli.WebApi.Api", "src\SpotCli.WebApi.Api\SpotCli.WebApi.Api.csproj", "{35B61A02-7183-4731-9B1B-E5FF3E8F1018}"
EndProject
Project("{9A19103F-16F7-4668-BE54-9A1E7A4F7556}") = "ConsumeLambdaConsole", "samples\ConsumeLambdaConsole\ConsumeLambdaConsole.csproj", "{1E5FE120-B991-413A-A22F-20E4625EEF59}"
EndProject
Global
	GlobalSection(SolutionConfigurationPlatforms) = preSolution
		Debug|Any CPU = Debug|Any CPU
		Release|Any CPU = Release|Any CPU
	EndGlobalSection
	GlobalSection(ProjectConfigurationPlatforms) = postSolution
		{3EAF6BCC-DF92-4850-BFFD-434D2DA01885}.Debug|Any CPU.ActiveCfg = Debug|Any CPU
		{3EAF6BCC-DF92-4850-BFFD-434D2DA01885}.Debug|Any CPU.Build.0 = Debug|Any CPU
		{3EAF6BCC-DF92-4850-BFFD-434D2DA01885}.Release|Any CPU.ActiveCfg = Release|Any CPU
		{3EAF6BCC-DF92-4850-BFFD-434D2DA01885}.Release|Any CPU.Build.0 = Release|Any CPU
		{478250E5-C1FA-4546-B00B-57CD077A7CC8}.Debug|Any CPU.ActiveCfg = Debug|Any CPU
		{478250E5-C1FA-4546-B00B-57CD077A7CC8}.Debug|Any CPU.Build.0 = Debug|Any CPU
		{478250E5-C1FA-4546-B00B-57CD077A7CC8}.Release|Any CPU.ActiveCfg = Release|Any CPU
		{478250E5-C1FA-4546-B00B-57CD077A7CC8}.Release|Any CPU.Build.0 = Release|Any CPU
		{B1942D80-E1CB-4E21-94F6-E3E48F3FE5B2}.Debug|Any CPU.ActiveCfg = Debug|Any CPU
		{B1942D80-E1CB-4E21-94F6-E3E48F3FE5B2}.Debug|Any CPU.Build.0 = Debug|Any CPU
		{B1942D80-E1CB-4E21-94F6-E3E48F3FE5B2}.Release|Any CPU.ActiveCfg = Release|Any CPU
		{B1942D80-E1CB-4E21-94F6-E3E48F3FE5B2}.Release|Any CPU.Build.0 = Release|Any CPU
		{87570122-297B-49B4-AEF2-34D8CF1934F2}.Debug|Any CPU.ActiveCfg = Debug|Any CPU
		{87570122-297B-49B4-AEF2-34D8CF1934F2}.Debug|Any CPU.Build.0 = Debug|Any CPU
		{87570122-297B-49B4-AEF2-34D8CF1934F2}.Release|Any CPU.ActiveCfg = Release|Any CPU
		{87570122-297B-49B4-AEF2-34D8CF1934F2}.Release|Any CPU.Build.0 = Release|Any CPU
		{A4BBF300-F6B5-47C9-A605-48550F2ECC1E}.Debug|Any CPU.ActiveCfg = Debug|Any CPU
		{A4BBF300-F6B5-47C9-A605-48550F2ECC1E}.Debug|Any CPU.Build.0 = Debug|Any CPU
		{A4BBF300-F6B5-47C9-A605-48550F2ECC1E}.Release|Any CPU.ActiveCfg = Release|Any CPU
		{A4BBF300-F6B5-47C9-A605-48550F2ECC1E}.Release|Any CPU.Build.0 = Release|Any CPU
		{FA6FE7DF-EF59-416A-800B-A0A10D025CFE}.Debug|Any CPU.ActiveCfg = Debug|Any CPU
		{FA6FE7DF-EF59-416A-800B-A0A10D025CFE}.Debug|Any CPU.Build.0 = Debug|Any CPU
		{FA6FE7DF-EF59-416A-800B-A0A10D025CFE}.Release|Any CPU.ActiveCfg = Release|Any CPU
		{FA6FE7DF-EF59-416A-800B-A0A10D025CFE}.Release|Any CPU.Build.0 = Release|Any CPU
		{D2682EA7-7A8B-47FF-9D33-078C04501C3C}.Debug|Any CPU.ActiveCfg = Debug|Any CPU
		{D2682EA7-7A8B-47FF-9D33-078C04501C3C}.Debug|Any CPU.Build.0 = Debug|Any CPU
		{D2682EA7-7A8B-47FF-9D33-078C04501C3C}.Release|Any CPU.ActiveCfg = Release|Any CPU
		{D2682EA7-7A8B-47FF-9D33-078C04501C3C}.Release|Any CPU.Build.0 = Release|Any CPU
		{35B61A02-7183-4731-9B1B-E5FF3E8F1018}.Debug|Any CPU.ActiveCfg = Debug|Any CPU
		{35B61A02-7183-4731-9B1B-E5FF3E8F1018}.Debug|Any CPU.Build.0 = Debug|Any CPU
		{35B61A02-7183-4731-9B1B-E5FF3E8F1018}.Release|Any CPU.ActiveCfg = Release|Any CPU
		{35B61A02-7183-4731-9B1B-E5FF3E8F1018}.Release|Any CPU.Build.0 = Release|Any CPU
		{1E5FE120-B991-413A-A22F-20E4625EEF59}.Debug|Any CPU.ActiveCfg = Debug|Any CPU
		{1E5FE120-B991-413A-A22F-20E4625EEF59}.Debug|Any CPU.Build.0 = Debug|Any CPU
		{1E5FE120-B991-413A-A22F-20E4625EEF59}.Release|Any CPU.ActiveCfg = Release|Any CPU
		{1E5FE120-B991-413A-A22F-20E4625EEF59}.Release|Any CPU.Build.0 = Release|Any CPU
	EndGlobalSection
	GlobalSection(SolutionProperties) = preSolution
		HideSolutionNode = FALSE
	EndGlobalSection
	GlobalSection(NestedProjects) = preSolution
		{3EAF6BCC-DF92-4850-BFFD-434D2DA01885} = {BC322B6A-ADC3-4050-8800-EBCEF0FD779F}
		{478250E5-C1FA-4546-B00B-57CD077A7CC8} = {BC322B6A-ADC3-4050-8800-EBCEF0FD779F}
		{B1942D80-E1CB-4E21-94F6-E3E48F3FE5B2} = {01A1DD6F-2073-4833-B996-77C56ACCFB66}
		{87570122-297B-49B4-AEF2-34D8CF1934F2} = {01A1DD6F-2073-4833-B996-77C56ACCFB66}
		{A4BBF300-F6B5-47C9-A605-48550F2ECC1E} = {E244A5C4-7770-4EEC-9214-20C98C0C207A}
		{FA6FE7DF-EF59-416A-800B-A0A10D025CFE} = {BC322B6A-ADC3-4050-8800-EBCEF0FD779F}
		{D2682EA7-7A8B-47FF-9D33-078C04501C3C} = {01A1DD6F-2073-4833-B996-77C56ACCFB66}
		{35B61A02-7183-4731-9B1B-E5FF3E8F1018} = {BC322B6A-ADC3-4050-8800-EBCEF0FD779F}
		{1E5FE120-B991-413A-A22F-20E4625EEF59} = {E244A5C4-7770-4EEC-9214-20C98C0C207A}
	EndGlobalSection
	GlobalSection(ExtensibilityGlobals) = postSolution
		SolutionGuid = {561E3CCC-B027-4BFC-BA6C-4CE92A8FD14B}
	EndGlobalSection
EndGlobal
